{
  "name": "aayuscribe-api",
  "version": "1.0.0",
  "lockfileVersion": 2,
  "requires": true,
  "packages": {
    "": {
      "name": "aayuscribe-api",
      "version": "1.0.0",
      "dependencies": {
        "@azure/functions": "^4.5.1",
        "@azure/data-tables": "^13.2.2",
        "bcryptjs": "^2.4.3"
      }
    }
  }
}
